# This file is automatically @generated by Cargo.
# It is not intended for manual editing.
version = 4

[[package]]
name = "audit-service"
version = "0.1.0"
dependencies = [
 "shared",
]

[[package]]
name = "market-service"
version = "0.1.0"
dependencies = [
 "shared",
]

[[package]]
name = "portfolio-service"
version = "0.1.0"
dependencies = [
 "shared",
]

[[package]]
name = "shared"
version = "0.1.0"
